
Microsoft Visual Studio Solution File, Format Version 11.00
# Visual Studio 2010
Project("{FAE04EC0-301F-11D3-BF4B-00C04F79EFBC}") = "Assembly-CSharp", "Assembly-CSharp.csproj", "{DF77C0E5-D7C2-9D56-6C16-0EB4BCAD4CB7}"
EndProject
Project("{FAE04EC0-301F-11D3-BF4B-00C04F79EFBC}") = "Assembly-CSharp-Editor", "Assembly-CSharp-Editor.csproj", "{9C2A629B-8F47-7D0D-DE71-75C0579187FD}"
EndProject
Global
	GlobalSection(SolutionConfigurationPlatforms) = preSolution
		Debug|Any CPU = Debug|Any CPU
		Release|Any CPU = Release|Any CPU
	EndGlobalSection
	GlobalSection(ProjectConfigurationPlatforms) = postSolution
		{DF77C0E5-D7C2-9D56-6C16-0EB4BCAD4CB7}.Debug|Any CPU.ActiveCfg = Debug|Any CPU
		{DF77C0E5-D7C2-9D56-6C16-0EB4BCAD4CB7}.Debug|Any CPU.Build.0 = Debug|Any CPU
		{DF77C0E5-D7C2-9D56-6C16-0EB4BCAD4CB7}.Release|Any CPU.ActiveCfg = Release|Any CPU
		{DF77C0E5-D7C2-9D56-6C16-0EB4BCAD4CB7}.Release|Any CPU.Build.0 = Release|Any CPU
		{9C2A629B-8F47-7D0D-DE71-75C0579187FD}.Debug|Any CPU.ActiveCfg = Debug|Any CPU
		{9C2A629B-8F47-7D0D-DE71-75C0579187FD}.Debug|Any CPU.Build.0 = Debug|Any CPU
		{9C2A629B-8F47-7D0D-DE71-75C0579187FD}.Release|Any CPU.ActiveCfg = Release|Any CPU
		{9C2A629B-8F47-7D0D-DE71-75C0579187FD}.Release|Any CPU.Build.0 = Release|Any CPU
	EndGlobalSection
	GlobalSection(SolutionProperties) = preSolution
		HideSolutionNode = FALSE
	EndGlobalSection
EndGlobal
